
Microsoft Visual Studio Solution File, Format Version 12.00
# Visual Studio Version 17
VisualStudioVersion = 17.6.33626.354
MinimumVisualStudioVersion = 10.0.40219.1
Project("{9A19103F-16F7-4668-BE54-9A1E7A4F7556}") = "Garantipay", "Garantipay.csproj", "{7289CD6D-AB7E-43C3-879B-8108280E873B}"
EndProject
Global
	GlobalSection(SolutionConfigurationPlatforms) = preSolution
		Debug|Any CPU = Debug|Any CPU
		Release|Any CPU = Release|Any CPU
	EndGlobalSection
	GlobalSection(ProjectConfigurationPlatforms) = postSolution
		{7289CD6D-AB7E-43C3-879B-8108280E873B}.Debug|Any CPU.ActiveCfg = Debug|Any CPU
		{7289CD6D-AB7E-43C3-879B-8108280E873B}.Debug|Any CPU.Build.0 = Debug|Any CPU
		{7289CD6D-AB7E-43C3-879B-8108280E873B}.Release|Any CPU.ActiveCfg = Release|Any CPU
		{7289CD6D-AB7E-43C3-879B-8108280E873B}.Release|Any CPU.Build.0 = Release|Any CPU
	EndGlobalSection
	GlobalSection(SolutionProperties) = preSolution
		HideSolutionNode = FALSE
	EndGlobalSection
	GlobalSection(ExtensibilityGlobals) = postSolution
		SolutionGuid = {247DD6C2-61C0-400E-BACB-A75F731FE2EF}
	EndGlobalSection
EndGlobal
