
Microsoft Visual Studio Solution File, Format Version 12.00
# Visual Studio Version 17
VisualStudioVersion = 17.0.32014.148
MinimumVisualStudioVersion = 10.0.40219.1
Project("{FAE04EC0-301F-11D3-BF4B-00C04F79EFBC}") = "Garantipay", "Garantipay\Garantipay.csproj", "{36D87005-8DA2-46F2-BB9B-A4EE0624BF58}"
EndProject
Global
	GlobalSection(SolutionConfigurationPlatforms) = preSolution
		Debug|Any CPU = Debug|Any CPU
		Release|Any CPU = Release|Any CPU
	EndGlobalSection
	GlobalSection(ProjectConfigurationPlatforms) = postSolution
		{36D87005-8DA2-46F2-BB9B-A4EE0624BF58}.Debug|Any CPU.ActiveCfg = Debug|Any CPU
		{36D87005-8DA2-46F2-BB9B-A4EE0624BF58}.Debug|Any CPU.Build.0 = Debug|Any CPU
		{36D87005-8DA2-46F2-BB9B-A4EE0624BF58}.Release|Any CPU.ActiveCfg = Release|Any CPU
		{36D87005-8DA2-46F2-BB9B-A4EE0624BF58}.Release|Any CPU.Build.0 = Release|Any CPU
	EndGlobalSection
	GlobalSection(SolutionProperties) = preSolution
		HideSolutionNode = FALSE
	EndGlobalSection
	GlobalSection(ExtensibilityGlobals) = postSolution
		SolutionGuid = {16E1BCCB-8692-404E-A760-B8103F47364F}
	EndGlobalSection
EndGlobal
